
Microsoft Visual Studio Solution File, Format Version 12.00
# Visual Studio 15
VisualStudioVersion = 15.0.27004.2002
MinimumVisualStudioVersion = 10.0.40219.1
Project("{9A19103F-16F7-4668-BE54-9A1E7A4F7556}") = "Blockchain", "Blockchain\Blockchain.csproj", "{EB0F6598-0C5F-452A-8948-D3EB528B3A26}"
EndProject
Project("{E53339B2-1760-4266-BCC7-CA923CBCF16C}") = "docker-compose", "docker-compose.dcproj", "{59601014-6205-4177-85D0-6206F21A20FF}"
EndProject
Project("{2150E333-8FDC-42A3-9474-1A3956D46DE8}") = "Solution Items", "Solution Items", "{D172DB75-8C78-4BF1-88C9-5E2DA7D9F22C}"
	ProjectSection(SolutionItems) = preProject
		README.md = README.md
	EndProjectSection
EndProject
Project("{FAE04EC0-301F-11D3-BF4B-00C04F79EFBC}") = "Miner", "Miner\Miner.csproj", "{4FC175D2-613B-431E-9016-B7768BE0E182}"
EndProject
Global
	GlobalSection(SolutionConfigurationPlatforms) = preSolution
		Debug|Any CPU = Debug|Any CPU
		Release|Any CPU = Release|Any CPU
	EndGlobalSection
	GlobalSection(ProjectConfigurationPlatforms) = postSolution
		{EB0F6598-0C5F-452A-8948-D3EB528B3A26}.Debug|Any CPU.ActiveCfg = Debug|Any CPU
		{EB0F6598-0C5F-452A-8948-D3EB528B3A26}.Debug|Any CPU.Build.0 = Debug|Any CPU
		{EB0F6598-0C5F-452A-8948-D3EB528B3A26}.Release|Any CPU.ActiveCfg = Release|Any CPU
		{EB0F6598-0C5F-452A-8948-D3EB528B3A26}.Release|Any CPU.Build.0 = Release|Any CPU
		{59601014-6205-4177-85D0-6206F21A20FF}.Debug|Any CPU.ActiveCfg = Debug|Any CPU
		{59601014-6205-4177-85D0-6206F21A20FF}.Debug|Any CPU.Build.0 = Debug|Any CPU
		{59601014-6205-4177-85D0-6206F21A20FF}.Release|Any CPU.ActiveCfg = Release|Any CPU
		{59601014-6205-4177-85D0-6206F21A20FF}.Release|Any CPU.Build.0 = Release|Any CPU
		{4FC175D2-613B-431E-9016-B7768BE0E182}.Debug|Any CPU.ActiveCfg = Debug|Any CPU
		{4FC175D2-613B-431E-9016-B7768BE0E182}.Debug|Any CPU.Build.0 = Debug|Any CPU
		{4FC175D2-613B-431E-9016-B7768BE0E182}.Release|Any CPU.ActiveCfg = Release|Any CPU
		{4FC175D2-613B-431E-9016-B7768BE0E182}.Release|Any CPU.Build.0 = Release|Any CPU
	EndGlobalSection
	GlobalSection(SolutionProperties) = preSolution
		HideSolutionNode = FALSE
	EndGlobalSection
	GlobalSection(ExtensibilityGlobals) = postSolution
		SolutionGuid = {E9748E82-3B98-4409-91AC-B4B8254D4449}
	EndGlobalSection
EndGlobal
