
Microsoft Visual Studio Solution File, Format Version 12.00
# Visual Studio 15
VisualStudioVersion = 15.0.27130.2027
MinimumVisualStudioVersion = 10.0.40219.1
Project("{9A19103F-16F7-4668-BE54-9A1E7A4F7556}") = "Blockchain", "Blockchain\Blockchain.csproj", "{EB0F6598-0C5F-452A-8948-D3EB528B3A26}"
EndProject
Project("{2150E333-8FDC-42A3-9474-1A3956D46DE8}") = "Solution Items", "Solution Items", "{D172DB75-8C78-4BF1-88C9-5E2DA7D9F22C}"
	ProjectSection(SolutionItems) = preProject
		README.md = README.md
		run.bat = run.bat
	EndProjectSection
EndProject
Project("{9A19103F-16F7-4668-BE54-9A1E7A4F7556}") = "Miner", "Miner\Miner.csproj", "{4FC175D2-613B-431E-9016-B7768BE0E182}"
EndProject
Project("{9A19103F-16F7-4668-BE54-9A1E7A4F7556}") = "BlockchainCore", "BlockchainCore\BlockchainCore.csproj", "{11F49DF4-C682-4833-B6C6-FE443A6353F0}"
EndProject
Project("{9A19103F-16F7-4668-BE54-9A1E7A4F7556}") = "WebWallet", "WebWallet\WebWallet.csproj", "{12D01C7C-3AF0-4ABE-A0BB-7EEE2A3DC06B}"
EndProject
Project("{9A19103F-16F7-4668-BE54-9A1E7A4F7556}") = "WebFaucet", "WebFaucet\WebFaucet.csproj", "{47D0C4A7-CC10-44EE-BE2F-75233B904768}"
EndProject
Project("{9A19103F-16F7-4668-BE54-9A1E7A4F7556}") = "BlockExplorer", "BlockExplorer\BlockExplorer.csproj", "{E74A97BE-AFEB-425F-AB2E-88323C9C4826}"
EndProject
Global
	GlobalSection(SolutionConfigurationPlatforms) = preSolution
		Debug|Any CPU = Debug|Any CPU
		Release|Any CPU = Release|Any CPU
	EndGlobalSection
	GlobalSection(ProjectConfigurationPlatforms) = postSolution
		{EB0F6598-0C5F-452A-8948-D3EB528B3A26}.Debug|Any CPU.ActiveCfg = Debug|Any CPU
		{EB0F6598-0C5F-452A-8948-D3EB528B3A26}.Debug|Any CPU.Build.0 = Debug|Any CPU
		{EB0F6598-0C5F-452A-8948-D3EB528B3A26}.Release|Any CPU.ActiveCfg = Release|Any CPU
		{EB0F6598-0C5F-452A-8948-D3EB528B3A26}.Release|Any CPU.Build.0 = Release|Any CPU
		{4FC175D2-613B-431E-9016-B7768BE0E182}.Debug|Any CPU.ActiveCfg = Debug|Any CPU
		{4FC175D2-613B-431E-9016-B7768BE0E182}.Debug|Any CPU.Build.0 = Debug|Any CPU
		{4FC175D2-613B-431E-9016-B7768BE0E182}.Release|Any CPU.ActiveCfg = Release|Any CPU
		{4FC175D2-613B-431E-9016-B7768BE0E182}.Release|Any CPU.Build.0 = Release|Any CPU
		{11F49DF4-C682-4833-B6C6-FE443A6353F0}.Debug|Any CPU.ActiveCfg = Debug|Any CPU
		{11F49DF4-C682-4833-B6C6-FE443A6353F0}.Debug|Any CPU.Build.0 = Debug|Any CPU
		{11F49DF4-C682-4833-B6C6-FE443A6353F0}.Release|Any CPU.ActiveCfg = Release|Any CPU
		{11F49DF4-C682-4833-B6C6-FE443A6353F0}.Release|Any CPU.Build.0 = Release|Any CPU
		{12D01C7C-3AF0-4ABE-A0BB-7EEE2A3DC06B}.Debug|Any CPU.ActiveCfg = Debug|Any CPU
		{12D01C7C-3AF0-4ABE-A0BB-7EEE2A3DC06B}.Debug|Any CPU.Build.0 = Debug|Any CPU
		{12D01C7C-3AF0-4ABE-A0BB-7EEE2A3DC06B}.Release|Any CPU.ActiveCfg = Release|Any CPU
		{12D01C7C-3AF0-4ABE-A0BB-7EEE2A3DC06B}.Release|Any CPU.Build.0 = Release|Any CPU
		{47D0C4A7-CC10-44EE-BE2F-75233B904768}.Debug|Any CPU.ActiveCfg = Debug|Any CPU
		{47D0C4A7-CC10-44EE-BE2F-75233B904768}.Debug|Any CPU.Build.0 = Debug|Any CPU
		{47D0C4A7-CC10-44EE-BE2F-75233B904768}.Release|Any CPU.ActiveCfg = Release|Any CPU
		{47D0C4A7-CC10-44EE-BE2F-75233B904768}.Release|Any CPU.Build.0 = Release|Any CPU
		{E74A97BE-AFEB-425F-AB2E-88323C9C4826}.Debug|Any CPU.ActiveCfg = Debug|Any CPU
		{E74A97BE-AFEB-425F-AB2E-88323C9C4826}.Debug|Any CPU.Build.0 = Debug|Any CPU
		{E74A97BE-AFEB-425F-AB2E-88323C9C4826}.Release|Any CPU.ActiveCfg = Release|Any CPU
		{E74A97BE-AFEB-425F-AB2E-88323C9C4826}.Release|Any CPU.Build.0 = Release|Any CPU
	EndGlobalSection
	GlobalSection(SolutionProperties) = preSolution
		HideSolutionNode = FALSE
	EndGlobalSection
	GlobalSection(ExtensibilityGlobals) = postSolution
		SolutionGuid = {E9748E82-3B98-4409-91AC-B4B8254D4449}
	EndGlobalSection
EndGlobal
